
Microsoft Visual Studio Solution File, Format Version 12.00
# Visual Studio Version 17
VisualStudioVersion = 17.9.34622.214
MinimumVisualStudioVersion = 10.0.40219.1
Project("{FAE04EC0-301F-11D3-BF4B-00C04F79EFBC}") = "01-03-2024@1", "01-03-2024@1.csproj", "{1EE6F58C-E56E-41FA-8C28-F8E8B5ABF8D8}"
EndProject
Project("{FAE04EC0-301F-11D3-BF4B-00C04F79EFBC}") = "UnitTestProject", "..\UnitTestProject\UnitTestProject.csproj", "{536FF3F2-5D87-498F-8893-31D90F1D4E9F}"
EndProject
Global
	GlobalSection(SolutionConfigurationPlatforms) = preSolution
		Debug|Any CPU = Debug|Any CPU
		Release|Any CPU = Release|Any CPU
	EndGlobalSection
	GlobalSection(ProjectConfigurationPlatforms) = postSolution
		{1EE6F58C-E56E-41FA-8C28-F8E8B5ABF8D8}.Debug|Any CPU.ActiveCfg = Debug|Any CPU
		{1EE6F58C-E56E-41FA-8C28-F8E8B5ABF8D8}.Debug|Any CPU.Build.0 = Debug|Any CPU
		{1EE6F58C-E56E-41FA-8C28-F8E8B5ABF8D8}.Release|Any CPU.ActiveCfg = Release|Any CPU
		{1EE6F58C-E56E-41FA-8C28-F8E8B5ABF8D8}.Release|Any CPU.Build.0 = Release|Any CPU
		{536FF3F2-5D87-498F-8893-31D90F1D4E9F}.Debug|Any CPU.ActiveCfg = Debug|Any CPU
		{536FF3F2-5D87-498F-8893-31D90F1D4E9F}.Debug|Any CPU.Build.0 = Debug|Any CPU
		{536FF3F2-5D87-498F-8893-31D90F1D4E9F}.Release|Any CPU.ActiveCfg = Release|Any CPU
		{536FF3F2-5D87-498F-8893-31D90F1D4E9F}.Release|Any CPU.Build.0 = Release|Any CPU
	EndGlobalSection
	GlobalSection(SolutionProperties) = preSolution
		HideSolutionNode = FALSE
	EndGlobalSection
	GlobalSection(ExtensibilityGlobals) = postSolution
		SolutionGuid = {8A50BC4D-082B-4D8B-9326-F62A653BC3A1}
	EndGlobalSection
EndGlobal
