
Microsoft Visual Studio Solution File, Format Version 12.00
# Visual Studio Version 17
VisualStudioVersion = 17.9.34622.214
MinimumVisualStudioVersion = 10.0.40219.1
Project("{FAE04EC0-301F-11D3-BF4B-00C04F79EFBC}") = "01-03-2024@2", "01-03-2024@2\01-03-2024@2.csproj", "{EA9DAAD3-BABF-41BB-A565-B4F0F56B16CB}"
EndProject
Project("{FAE04EC0-301F-11D3-BF4B-00C04F79EFBC}") = "UnitTestProject", "UnitTestProject\UnitTestProject.csproj", "{D1E80BD7-1662-4DFD-89B1-1354A5E7B2D6}"
EndProject
Global
	GlobalSection(SolutionConfigurationPlatforms) = preSolution
		Debug|Any CPU = Debug|Any CPU
		Release|Any CPU = Release|Any CPU
	EndGlobalSection
	GlobalSection(ProjectConfigurationPlatforms) = postSolution
		{EA9DAAD3-BABF-41BB-A565-B4F0F56B16CB}.Debug|Any CPU.ActiveCfg = Debug|Any CPU
		{EA9DAAD3-BABF-41BB-A565-B4F0F56B16CB}.Debug|Any CPU.Build.0 = Debug|Any CPU
		{EA9DAAD3-BABF-41BB-A565-B4F0F56B16CB}.Release|Any CPU.ActiveCfg = Release|Any CPU
		{EA9DAAD3-BABF-41BB-A565-B4F0F56B16CB}.Release|Any CPU.Build.0 = Release|Any CPU
		{D1E80BD7-1662-4DFD-89B1-1354A5E7B2D6}.Debug|Any CPU.ActiveCfg = Debug|Any CPU
		{D1E80BD7-1662-4DFD-89B1-1354A5E7B2D6}.Debug|Any CPU.Build.0 = Debug|Any CPU
		{D1E80BD7-1662-4DFD-89B1-1354A5E7B2D6}.Release|Any CPU.ActiveCfg = Release|Any CPU
		{D1E80BD7-1662-4DFD-89B1-1354A5E7B2D6}.Release|Any CPU.Build.0 = Release|Any CPU
	EndGlobalSection
	GlobalSection(SolutionProperties) = preSolution
		HideSolutionNode = FALSE
	EndGlobalSection
	GlobalSection(ExtensibilityGlobals) = postSolution
		SolutionGuid = {653F1335-F719-4D61-8105-90C9A209DBE1}
	EndGlobalSection
EndGlobal
